
Microsoft Visual Studio Solution File, Format Version 12.00
# Visual Studio Version 16
VisualStudioVersion = 16.0.33027.164
MinimumVisualStudioVersion = 10.0.40219.1
Project("{FAE04EC0-301F-11D3-BF4B-00C04F79EFBC}") = "Anonymous Method[Action]", "Anonymous Method[Action]\Anonymous Method[Action].csproj", "{5C133085-7F9B-4A3D-8D28-00E4FD73F1CF}"
EndProject
Global
	GlobalSection(SolutionConfigurationPlatforms) = preSolution
		Debug|Any CPU = Debug|Any CPU
		Release|Any CPU = Release|Any CPU
	EndGlobalSection
	GlobalSection(ProjectConfigurationPlatforms) = postSolution
		{5C133085-7F9B-4A3D-8D28-00E4FD73F1CF}.Debug|Any CPU.ActiveCfg = Debug|Any CPU
		{5C133085-7F9B-4A3D-8D28-00E4FD73F1CF}.Debug|Any CPU.Build.0 = Debug|Any CPU
		{5C133085-7F9B-4A3D-8D28-00E4FD73F1CF}.Release|Any CPU.ActiveCfg = Release|Any CPU
		{5C133085-7F9B-4A3D-8D28-00E4FD73F1CF}.Release|Any CPU.Build.0 = Release|Any CPU
	EndGlobalSection
	GlobalSection(SolutionProperties) = preSolution
		HideSolutionNode = FALSE
	EndGlobalSection
	GlobalSection(ExtensibilityGlobals) = postSolution
		SolutionGuid = {2DB15D2A-4CFB-4D40-8846-33B2F231E271}
	EndGlobalSection
EndGlobal
